
Microsoft Visual Studio Solution File, Format Version 12.00
# Visual Studio Version 17
VisualStudioVersion = 17.10.35027.167
MinimumVisualStudioVersion = 10.0.40219.1
Project("{F184B08F-C81C-45F6-A57F-5ABD9991F28F}") = "New_Attend_RFID", "New_Attend_RFID\New_Attend_RFID.vbproj", "{84309D02-26B3-4EA5-A116-7C5B85D0DF18}"
EndProject
Project("{54435603-DBB4-11D2-8724-00A0C9A8B90C}") = "RFID_ex", "RFID_ex\RFID_ex.vdproj", "{70B4F25E-3504-43D2-9BFB-99073DF334A9}"
EndProject
Global
	GlobalSection(SolutionConfigurationPlatforms) = preSolution
		Debug|Any CPU = Debug|Any CPU
		Release|Any CPU = Release|Any CPU
	EndGlobalSection
	GlobalSection(ProjectConfigurationPlatforms) = postSolution
		{84309D02-26B3-4EA5-A116-7C5B85D0DF18}.Debug|Any CPU.ActiveCfg = Debug|Any CPU
		{84309D02-26B3-4EA5-A116-7C5B85D0DF18}.Debug|Any CPU.Build.0 = Debug|Any CPU
		{84309D02-26B3-4EA5-A116-7C5B85D0DF18}.Release|Any CPU.ActiveCfg = Release|Any CPU
		{84309D02-26B3-4EA5-A116-7C5B85D0DF18}.Release|Any CPU.Build.0 = Release|Any CPU
		{70B4F25E-3504-43D2-9BFB-99073DF334A9}.Debug|Any CPU.ActiveCfg = Debug
		{70B4F25E-3504-43D2-9BFB-99073DF334A9}.Release|Any CPU.ActiveCfg = Release
	EndGlobalSection
	GlobalSection(SolutionProperties) = preSolution
		HideSolutionNode = FALSE
	EndGlobalSection
	GlobalSection(ExtensibilityGlobals) = postSolution
		SolutionGuid = {D2701778-3FDF-42C1-AA51-9C204AF03836}
	EndGlobalSection
EndGlobal
